uuid: aa1dc91b-8ce9-4966-832e-c6014c6bb030
langcode: en
status: true
dependencies:
  config:
    - block_content.type.disclaimer_block
_core:
  default_config_hash: pYV_j3OTOlWBweKkB0jY9dB9C3aTUJZ903T91ZahX4w
id: block_content.disclaimer_block
target_entity_type_id: block_content
target_bundle: disclaimer_block
default_langcode: site_default
language_alterable: true
